
Microsoft Visual Studio Solution File, Format Version 12.00
# Visual Studio 15
VisualStudioVersion = 15.0.27130.2020
MinimumVisualStudioVersion = 10.0.40219.1
Project("{888888A0-9F3D-457C-B088-3A5042F75D52}") = "neuralNetwork", "neuralNetwork\neuralNetwork.pyproj", "{1A99A9CA-EAE4-4048-B88E-767EF5DD1F81}"
EndProject
Project("{FAE04EC0-301F-11D3-BF4B-00C04F79EFBC}") = "Network", "NeuralNetwork.cs\Network.csproj", "{861EF5A1-07B5-4D7A-BD46-154251896119}"
EndProject
Project("{FAE04EC0-301F-11D3-BF4B-00C04F79EFBC}") = "TestNetwork", "TestNetwork\TestNetwork.csproj", "{728644F7-AB93-4D97-B7E3-775E0D9FCDE3}"
EndProject
Project("{FAE04EC0-301F-11D3-BF4B-00C04F79EFBC}") = "MnistViewer", "MnistViewer\MnistViewer.csproj", "{8BE61919-FE80-4047-8812-77F06A325CA4}"
EndProject
Project("{888888A0-9F3D-457C-B088-3A5042F75D52}") = "cheatsheet", "cheatsheet\cheatsheet.pyproj", "{81A0511F-C85A-4FA9-BC00-414BBBB42DBE}"
EndProject
Project("{2150E333-8FDC-42A3-9474-1A3956D46DE8}") = "docs", "docs", "{1F733615-B857-4E2C-84E2-7DED0C3407D7}"
	ProjectSection(SolutionItems) = preProject
		docs\algorithm.PNG = docs\algorithm.PNG
		docs\Book1.xlsx = docs\Book1.xlsx
		docs\bookmarks_10_4_18.html = docs\bookmarks_10_4_18.html
		docs\bookmarks_9_30_18.html = docs\bookmarks_9_30_18.html
		docs\network visio2002.vsd = docs\network visio2002.vsd
		docs\network.vsd = docs\network.vsd
		docs\references.html = docs\references.html
	EndProjectSection
EndProject
Project("{FAE04EC0-301F-11D3-BF4B-00C04F79EFBC}") = "BinaryConvertor", "BinaryConvertor\BinaryConvertor.csproj", "{E4586BA6-46A8-4484-8092-1EFFB3CF597A}"
EndProject
Project("{FAE04EC0-301F-11D3-BF4B-00C04F79EFBC}") = "Common", "Common\Common.csproj", "{EB8D18FF-E9C4-43DE-ABE2-C8FC6F1244CF}"
EndProject
Project("{FAE04EC0-301F-11D3-BF4B-00C04F79EFBC}") = "miniNetwork", "miniNetwork\miniNetwork.csproj", "{CAA8D9EF-68E7-4E02-9ACA-54CF4EE10122}"
EndProject
Project("{FAE04EC0-301F-11D3-BF4B-00C04F79EFBC}") = "AquaGauge", "AquaGauge\AquaGauge.csproj", "{0E5542E0-FC5D-4F67-950D-9F28C5D1225A}"
EndProject
Project("{2150E333-8FDC-42A3-9474-1A3956D46DE8}") = "trainedNetwork", "trainedNetwork", "{F8A679D8-3318-439E-802A-8B0655175FCC}"
EndProject
Project("{2150E333-8FDC-42A3-9474-1A3956D46DE8}") = "Input", "Input", "{0EBAFB13-99A6-4E8E-9FF7-DE4689DBBFF2}"
	ProjectSection(SolutionItems) = preProject
		trainedNetwork\Input\Activations.csv = trainedNetwork\Input\Activations.csv
	EndProjectSection
EndProject
Project("{2150E333-8FDC-42A3-9474-1A3956D46DE8}") = "Hidden0", "Hidden0", "{02C65AE1-7D8B-4BFE-8AA6-9490B211754D}"
	ProjectSection(SolutionItems) = preProject
		trainedNetwork\Hidden0\Activations.csv = trainedNetwork\Hidden0\Activations.csv
		trainedNetwork\Hidden0\Biases.csv = trainedNetwork\Hidden0\Biases.csv
		trainedNetwork\Hidden0\Weights.csv = trainedNetwork\Hidden0\Weights.csv
	EndProjectSection
EndProject
Project("{2150E333-8FDC-42A3-9474-1A3956D46DE8}") = "Output", "Output", "{2FD2DD71-D4D0-456D-B28E-6A9BB2A14DAA}"
	ProjectSection(SolutionItems) = preProject
		trainedNetwork\Output\Activations.csv = trainedNetwork\Output\Activations.csv
		trainedNetwork\Output\Biases.csv = trainedNetwork\Output\Biases.csv
		trainedNetwork\Output\Weights.csv = trainedNetwork\Output\Weights.csv
	EndProjectSection
EndProject
Global
	GlobalSection(SolutionConfigurationPlatforms) = preSolution
		Debug|Any CPU = Debug|Any CPU
		Release|Any CPU = Release|Any CPU
	EndGlobalSection
	GlobalSection(ProjectConfigurationPlatforms) = postSolution
		{1A99A9CA-EAE4-4048-B88E-767EF5DD1F81}.Debug|Any CPU.ActiveCfg = Debug|Any CPU
		{1A99A9CA-EAE4-4048-B88E-767EF5DD1F81}.Release|Any CPU.ActiveCfg = Release|Any CPU
		{861EF5A1-07B5-4D7A-BD46-154251896119}.Debug|Any CPU.ActiveCfg = Debug|Any CPU
		{861EF5A1-07B5-4D7A-BD46-154251896119}.Debug|Any CPU.Build.0 = Debug|Any CPU
		{861EF5A1-07B5-4D7A-BD46-154251896119}.Release|Any CPU.ActiveCfg = Release|Any CPU
		{861EF5A1-07B5-4D7A-BD46-154251896119}.Release|Any CPU.Build.0 = Release|Any CPU
		{728644F7-AB93-4D97-B7E3-775E0D9FCDE3}.Debug|Any CPU.ActiveCfg = Debug|Any CPU
		{728644F7-AB93-4D97-B7E3-775E0D9FCDE3}.Release|Any CPU.ActiveCfg = Release|Any CPU
		{728644F7-AB93-4D97-B7E3-775E0D9FCDE3}.Release|Any CPU.Build.0 = Release|Any CPU
		{8BE61919-FE80-4047-8812-77F06A325CA4}.Debug|Any CPU.ActiveCfg = Debug|Any CPU
		{8BE61919-FE80-4047-8812-77F06A325CA4}.Debug|Any CPU.Build.0 = Debug|Any CPU
		{8BE61919-FE80-4047-8812-77F06A325CA4}.Release|Any CPU.ActiveCfg = Release|Any CPU
		{8BE61919-FE80-4047-8812-77F06A325CA4}.Release|Any CPU.Build.0 = Release|Any CPU
		{81A0511F-C85A-4FA9-BC00-414BBBB42DBE}.Debug|Any CPU.ActiveCfg = Debug|Any CPU
		{81A0511F-C85A-4FA9-BC00-414BBBB42DBE}.Release|Any CPU.ActiveCfg = Release|Any CPU
		{E4586BA6-46A8-4484-8092-1EFFB3CF597A}.Debug|Any CPU.ActiveCfg = Debug|Any CPU
		{E4586BA6-46A8-4484-8092-1EFFB3CF597A}.Release|Any CPU.ActiveCfg = Release|Any CPU
		{E4586BA6-46A8-4484-8092-1EFFB3CF597A}.Release|Any CPU.Build.0 = Release|Any CPU
		{EB8D18FF-E9C4-43DE-ABE2-C8FC6F1244CF}.Debug|Any CPU.ActiveCfg = Debug|Any CPU
		{EB8D18FF-E9C4-43DE-ABE2-C8FC6F1244CF}.Debug|Any CPU.Build.0 = Debug|Any CPU
		{EB8D18FF-E9C4-43DE-ABE2-C8FC6F1244CF}.Release|Any CPU.ActiveCfg = Release|Any CPU
		{EB8D18FF-E9C4-43DE-ABE2-C8FC6F1244CF}.Release|Any CPU.Build.0 = Release|Any CPU
		{CAA8D9EF-68E7-4E02-9ACA-54CF4EE10122}.Debug|Any CPU.ActiveCfg = Debug|Any CPU
		{CAA8D9EF-68E7-4E02-9ACA-54CF4EE10122}.Release|Any CPU.ActiveCfg = Release|Any CPU
		{CAA8D9EF-68E7-4E02-9ACA-54CF4EE10122}.Release|Any CPU.Build.0 = Release|Any CPU
		{0E5542E0-FC5D-4F67-950D-9F28C5D1225A}.Debug|Any CPU.ActiveCfg = Debug|Any CPU
		{0E5542E0-FC5D-4F67-950D-9F28C5D1225A}.Release|Any CPU.ActiveCfg = Release|Any CPU
		{0E5542E0-FC5D-4F67-950D-9F28C5D1225A}.Release|Any CPU.Build.0 = Release|Any CPU
	EndGlobalSection
	GlobalSection(SolutionProperties) = preSolution
		HideSolutionNode = FALSE
	EndGlobalSection
	GlobalSection(NestedProjects) = preSolution
		{0EBAFB13-99A6-4E8E-9FF7-DE4689DBBFF2} = {F8A679D8-3318-439E-802A-8B0655175FCC}
		{02C65AE1-7D8B-4BFE-8AA6-9490B211754D} = {F8A679D8-3318-439E-802A-8B0655175FCC}
		{2FD2DD71-D4D0-456D-B28E-6A9BB2A14DAA} = {F8A679D8-3318-439E-802A-8B0655175FCC}
	EndGlobalSection
	GlobalSection(ExtensibilityGlobals) = postSolution
		SolutionGuid = {288A16F7-2D5D-4F37-B68C-04EEA4E360DC}
	EndGlobalSection
EndGlobal
